
Microsoft Visual Studio Solution File, Format Version 12.00
# Visual Studio Version 17
VisualStudioVersion = 17.1.32319.34
MinimumVisualStudioVersion = 10.0.40219.1
Project("{FAE04EC0-301F-11D3-BF4B-00C04F79EFBC}") = "GMServer", "GMServer\GMServer.csproj", "{DB4B9386-E0C3-4E11-BC7E-45C565E6E640}"
EndProject
Global
	GlobalSection(SolutionConfigurationPlatforms) = preSolution
		Debug|Any CPU = Debug|Any CPU
		Release|Any CPU = Release|Any CPU
	EndGlobalSection
	GlobalSection(ProjectConfigurationPlatforms) = postSolution
		{DB4B9386-E0C3-4E11-BC7E-45C565E6E640}.Debug|Any CPU.ActiveCfg = Debug|Any CPU
		{DB4B9386-E0C3-4E11-BC7E-45C565E6E640}.Debug|Any CPU.Build.0 = Debug|Any CPU
		{DB4B9386-E0C3-4E11-BC7E-45C565E6E640}.Release|Any CPU.ActiveCfg = Release|Any CPU
		{DB4B9386-E0C3-4E11-BC7E-45C565E6E640}.Release|Any CPU.Build.0 = Release|Any CPU
	EndGlobalSection
	GlobalSection(SolutionProperties) = preSolution
		HideSolutionNode = FALSE
	EndGlobalSection
	GlobalSection(ExtensibilityGlobals) = postSolution
		SolutionGuid = {D5EA20B1-04BA-4E78-A9B2-E07098DCDFAC}
	EndGlobalSection
EndGlobal
